
Microsoft Visual Studio Solution File, Format Version 12.00
# Visual Studio Version 17
VisualStudioVersion = 17.5.2.0
MinimumVisualStudioVersion = 10.0.40219.1
Project("{2150E333-8FDC-42A3-9474-1A3956D46DE8}") = "apps", "apps", "{1787FE1D-075E-9E68-7218-25F1BD1BBEAB}"
EndProject
Project("{FAE04EC0-301F-11D3-BF4B-00C04F79EFBC}") = "Api", "apps\api\Api.csproj", "{3FC7EC71-31D1-712E-1320-384AD08193E8}"
EndProject
Project("{FAE04EC0-301F-11D3-BF4B-00C04F79EFBC}") = "apphost", "apps\apphost\apphost.csproj", "{CCF8A51B-0385-EBBA-711E-59BDDEA17478}"
EndProject
Project("{2150E333-8FDC-42A3-9474-1A3956D46DE8}") = "migrations", "migrations", "{E5FB90AA-DC96-4140-6308-BDBBB12AB018}"
EndProject
Project("{FAE04EC0-301F-11D3-BF4B-00C04F79EFBC}") = "Migrations", "apps\migrations\Migrations.csproj", "{BD4E7B45-563B-4257-AC0A-04F664F4F1B3}"
EndProject
Global
	GlobalSection(SolutionConfigurationPlatforms) = preSolution
		Debug|Any CPU = Debug|Any CPU
		Debug|x64 = Debug|x64
		Debug|x86 = Debug|x86
		Release|Any CPU = Release|Any CPU
		Release|x64 = Release|x64
		Release|x86 = Release|x86
	EndGlobalSection
	GlobalSection(ProjectConfigurationPlatforms) = postSolution
		{3FC7EC71-31D1-712E-1320-384AD08193E8}.Debug|Any CPU.ActiveCfg = Debug|Any CPU
		{3FC7EC71-31D1-712E-1320-384AD08193E8}.Debug|Any CPU.Build.0 = Debug|Any CPU
		{3FC7EC71-31D1-712E-1320-384AD08193E8}.Debug|x64.ActiveCfg = Debug|Any CPU
		{3FC7EC71-31D1-712E-1320-384AD08193E8}.Debug|x64.Build.0 = Debug|Any CPU
		{3FC7EC71-31D1-712E-1320-384AD08193E8}.Debug|x86.ActiveCfg = Debug|Any CPU
		{3FC7EC71-31D1-712E-1320-384AD08193E8}.Debug|x86.Build.0 = Debug|Any CPU
		{3FC7EC71-31D1-712E-1320-384AD08193E8}.Release|Any CPU.ActiveCfg = Release|Any CPU
		{3FC7EC71-31D1-712E-1320-384AD08193E8}.Release|Any CPU.Build.0 = Release|Any CPU
		{3FC7EC71-31D1-712E-1320-384AD08193E8}.Release|x64.ActiveCfg = Release|Any CPU
		{3FC7EC71-31D1-712E-1320-384AD08193E8}.Release|x64.Build.0 = Release|Any CPU
		{3FC7EC71-31D1-712E-1320-384AD08193E8}.Release|x86.ActiveCfg = Release|Any CPU
		{3FC7EC71-31D1-712E-1320-384AD08193E8}.Release|x86.Build.0 = Release|Any CPU
		{CCF8A51B-0385-EBBA-711E-59BDDEA17478}.Debug|Any CPU.ActiveCfg = Debug|Any CPU
		{CCF8A51B-0385-EBBA-711E-59BDDEA17478}.Debug|Any CPU.Build.0 = Debug|Any CPU
		{CCF8A51B-0385-EBBA-711E-59BDDEA17478}.Debug|x64.ActiveCfg = Debug|Any CPU
		{CCF8A51B-0385-EBBA-711E-59BDDEA17478}.Debug|x64.Build.0 = Debug|Any CPU
		{CCF8A51B-0385-EBBA-711E-59BDDEA17478}.Debug|x86.ActiveCfg = Debug|Any CPU
		{CCF8A51B-0385-EBBA-711E-59BDDEA17478}.Debug|x86.Build.0 = Debug|Any CPU
		{CCF8A51B-0385-EBBA-711E-59BDDEA17478}.Release|Any CPU.ActiveCfg = Release|Any CPU
		{CCF8A51B-0385-EBBA-711E-59BDDEA17478}.Release|Any CPU.Build.0 = Release|Any CPU
		{CCF8A51B-0385-EBBA-711E-59BDDEA17478}.Release|x64.ActiveCfg = Release|Any CPU
		{CCF8A51B-0385-EBBA-711E-59BDDEA17478}.Release|x64.Build.0 = Release|Any CPU
		{CCF8A51B-0385-EBBA-711E-59BDDEA17478}.Release|x86.ActiveCfg = Release|Any CPU
		{CCF8A51B-0385-EBBA-711E-59BDDEA17478}.Release|x86.Build.0 = Release|Any CPU
		{BD4E7B45-563B-4257-AC0A-04F664F4F1B3}.Debug|Any CPU.ActiveCfg = Debug|Any CPU
		{BD4E7B45-563B-4257-AC0A-04F664F4F1B3}.Debug|Any CPU.Build.0 = Debug|Any CPU
		{BD4E7B45-563B-4257-AC0A-04F664F4F1B3}.Debug|x64.ActiveCfg = Debug|Any CPU
		{BD4E7B45-563B-4257-AC0A-04F664F4F1B3}.Debug|x64.Build.0 = Debug|Any CPU
		{BD4E7B45-563B-4257-AC0A-04F664F4F1B3}.Debug|x86.ActiveCfg = Debug|Any CPU
		{BD4E7B45-563B-4257-AC0A-04F664F4F1B3}.Debug|x86.Build.0 = Debug|Any CPU
		{BD4E7B45-563B-4257-AC0A-04F664F4F1B3}.Release|Any CPU.ActiveCfg = Release|Any CPU
		{BD4E7B45-563B-4257-AC0A-04F664F4F1B3}.Release|Any CPU.Build.0 = Release|Any CPU
		{BD4E7B45-563B-4257-AC0A-04F664F4F1B3}.Release|x64.ActiveCfg = Release|Any CPU
		{BD4E7B45-563B-4257-AC0A-04F664F4F1B3}.Release|x64.Build.0 = Release|Any CPU
		{BD4E7B45-563B-4257-AC0A-04F664F4F1B3}.Release|x86.ActiveCfg = Release|Any CPU
		{BD4E7B45-563B-4257-AC0A-04F664F4F1B3}.Release|x86.Build.0 = Release|Any CPU
	EndGlobalSection
	GlobalSection(SolutionProperties) = preSolution
		HideSolutionNode = FALSE
	EndGlobalSection
	GlobalSection(NestedProjects) = preSolution
		{3FC7EC71-31D1-712E-1320-384AD08193E8} = {1787FE1D-075E-9E68-7218-25F1BD1BBEAB}
		{CCF8A51B-0385-EBBA-711E-59BDDEA17478} = {1787FE1D-075E-9E68-7218-25F1BD1BBEAB}
		{E5FB90AA-DC96-4140-6308-BDBBB12AB018} = {1787FE1D-075E-9E68-7218-25F1BD1BBEAB}
		{BD4E7B45-563B-4257-AC0A-04F664F4F1B3} = {E5FB90AA-DC96-4140-6308-BDBBB12AB018}
	EndGlobalSection
	GlobalSection(ExtensibilityGlobals) = postSolution
		SolutionGuid = {77BCE185-647D-47B6-8D29-B96BEC06091D}
	EndGlobalSection
EndGlobal
